
Microsoft Visual Studio Solution File, Format Version 12.00
# Visual Studio 14
VisualStudioVersion = 14.0.23107.0
MinimumVisualStudioVersion = 10.0.40219.1
Project("{FAE04EC0-301F-11D3-BF4B-00C04F79EFBC}") = "APlayerAndWebApi", "APlayerAndWebApi\APlayerAndWebApi.csproj", "{784A11A3-0B48-425A-ABCD-B4D63337E33E}"
EndProject
Project("{FAE04EC0-301F-11D3-BF4B-00C04F79EFBC}") = "WebApi", "WebApi\WebApi.csproj", "{05D0657C-8EE7-43D3-9D88-F98E20BFE252}"
EndProject
Global
	GlobalSection(SolutionConfigurationPlatforms) = preSolution
		Debug|Any CPU = Debug|Any CPU
		Release|Any CPU = Release|Any CPU
	EndGlobalSection
	GlobalSection(ProjectConfigurationPlatforms) = postSolution
		{784A11A3-0B48-425A-ABCD-B4D63337E33E}.Debug|Any CPU.ActiveCfg = Debug|Any CPU
		{784A11A3-0B48-425A-ABCD-B4D63337E33E}.Debug|Any CPU.Build.0 = Debug|Any CPU
		{784A11A3-0B48-425A-ABCD-B4D63337E33E}.Release|Any CPU.ActiveCfg = Release|Any CPU
		{784A11A3-0B48-425A-ABCD-B4D63337E33E}.Release|Any CPU.Build.0 = Release|Any CPU
		{05D0657C-8EE7-43D3-9D88-F98E20BFE252}.Debug|Any CPU.ActiveCfg = Debug|Any CPU
		{05D0657C-8EE7-43D3-9D88-F98E20BFE252}.Debug|Any CPU.Build.0 = Debug|Any CPU
		{05D0657C-8EE7-43D3-9D88-F98E20BFE252}.Release|Any CPU.ActiveCfg = Release|Any CPU
		{05D0657C-8EE7-43D3-9D88-F98E20BFE252}.Release|Any CPU.Build.0 = Release|Any CPU
	EndGlobalSection
	GlobalSection(SolutionProperties) = preSolution
		HideSolutionNode = FALSE
	EndGlobalSection
EndGlobal
